fortio.org/safecast v1.2.0 h1:ckQJNenMJHycqPsi/QrzA4EUX5WQkyd+hGO4mxt/a8w=
fortio.org/safecast v1.2.0/go.mod h1:xZmcPk3vi4kuUFf+tq4SvnlVdwViqf6ZSZl91Jr9Jdg=
fortio.org/terminal v0.62.0 h1:P8e5PYbBTQrzXnkX9wcLOsxwCFANmrap+JiPpI75H/I=
fortio.org/terminal v0.62.0/go.mod h1:tuZ285oAEq8dQQdJi69bBCRVg/Yxczqmms0Ql/c0wg4=
